
Microsoft Visual Studio Solution File, Format Version 12.00
# Visual Studio 2013
VisualStudioVersion = 12.0.40629.0
MinimumVisualStudioVersion = 10.0.40219.1
Project("{FAE04EC0-301F-11D3-BF4B-00C04F79EFBC}") = "ISSolutions.Tests", "ISSolutions.Tests\ISSolutions.Tests.csproj", "{02DA012F-7524-408F-A10A-03D77B05104F}"
EndProject
Project("{FAE04EC0-301F-11D3-BF4B-00C04F79EFBC}") = "ISSolutions.Framework", "ISSolutions.Framework\ISSolutions.Framework.csproj", "{BF73B936-7751-4FCA-B4C4-3F770227353D}"
EndProject
Project("{FAE04EC0-301F-11D3-BF4B-00C04F79EFBC}") = "ISSolutions.Domain", "ISSolutions.Domain\ISSolutions.Domain.csproj", "{FA90B9BF-05B3-4F7F-AEA5-604DEC8472C5}"
EndProject
Project("{FAE04EC0-301F-11D3-BF4B-00C04F79EFBC}") = "ISSolutions.Infrastructure", "ISSolutions.Infrastructure\ISSolutions.Infrastructure.csproj", "{7F6D6AD0-D1B6-49E3-AC52-938B83A07E5A}"
EndProject
Project("{2150E333-8FDC-42A3-9474-1A3956D46DE8}") = ".nuget", ".nuget", "{981CBD83-9A7A-4260-8E45-52840BEA78AF}"
EndProject
Project("{FAE04EC0-301F-11D3-BF4B-00C04F79EFBC}") = "ISSolutions.Web", "ISSolutions.Web\ISSolutions.Web.csproj", "{6B9AE772-B7A2-42D8-9C10-2D55F7F1E536}"
EndProject
Project("{FAE04EC0-301F-11D3-BF4B-00C04F79EFBC}") = "ISSolutions.Home", "ISSolutions.Home\ISSolutions.Home.csproj", "{44DA4532-0484-4137-910E-C5C93147FD42}"
EndProject
Project("{FAE04EC0-301F-11D3-BF4B-00C04F79EFBC}") = "Authentication.ISSolutions.Infrastructure", "Authentication.ISSolutions.Infrastructure\Authentication.ISSolutions.Infrastructure.csproj", "{071377FD-8E0C-4530-839D-8D5F4297B36B}"
EndProject
Project("{FAE04EC0-301F-11D3-BF4B-00C04F79EFBC}") = "Authentication.ISSolutions.Domain", "Authentication.ISSolutions.Domain\Authentication.ISSolutions.Domain.csproj", "{AEE8B3A7-5BBF-40A5-BF78-BC800BBB3DF6}"
EndProject
Project("{FAE04EC0-301F-11D3-BF4B-00C04F79EFBC}") = "ISSolutions.Core.Data", "ISSolutions.Core.Data\ISSolutions.Core.Data.csproj", "{21545925-5B8D-43D0-9FB4-B4D10B2C80BE}"
EndProject
Project("{FAE04EC0-301F-11D3-BF4B-00C04F79EFBC}") = "ISSolutions.Core.Domain", "ISSolutions.Core.Domain\ISSolutions.Core.Domain.csproj", "{95B2BEA1-6AA3-43E3-9503-EC7783F99960}"
EndProject
Project("{FAE04EC0-301F-11D3-BF4B-00C04F79EFBC}") = "ISSolutions.Core.Infrastructure", "ISSolutions.Core.Infrastructure\ISSolutions.Core.Infrastructure.csproj", "{7C1C613B-35DF-4841-8B4B-58DA66383EAA}"
EndProject
Global
	GlobalSection(SolutionConfigurationPlatforms) = preSolution
		Debug|Any CPU = Debug|Any CPU
		Release|Any CPU = Release|Any CPU
	EndGlobalSection
	GlobalSection(ProjectConfigurationPlatforms) = postSolution
		{02DA012F-7524-408F-A10A-03D77B05104F}.Debug|Any CPU.ActiveCfg = Debug|Any CPU
		{02DA012F-7524-408F-A10A-03D77B05104F}.Debug|Any CPU.Build.0 = Debug|Any CPU
		{02DA012F-7524-408F-A10A-03D77B05104F}.Release|Any CPU.ActiveCfg = Release|Any CPU
		{02DA012F-7524-408F-A10A-03D77B05104F}.Release|Any CPU.Build.0 = Release|Any CPU
		{BF73B936-7751-4FCA-B4C4-3F770227353D}.Debug|Any CPU.ActiveCfg = Debug|Any CPU
		{BF73B936-7751-4FCA-B4C4-3F770227353D}.Debug|Any CPU.Build.0 = Debug|Any CPU
		{BF73B936-7751-4FCA-B4C4-3F770227353D}.Release|Any CPU.ActiveCfg = Release|Any CPU
		{BF73B936-7751-4FCA-B4C4-3F770227353D}.Release|Any CPU.Build.0 = Release|Any CPU
		{FA90B9BF-05B3-4F7F-AEA5-604DEC8472C5}.Debug|Any CPU.ActiveCfg = Debug|Any CPU
		{FA90B9BF-05B3-4F7F-AEA5-604DEC8472C5}.Debug|Any CPU.Build.0 = Debug|Any CPU
		{FA90B9BF-05B3-4F7F-AEA5-604DEC8472C5}.Release|Any CPU.ActiveCfg = Release|Any CPU
		{FA90B9BF-05B3-4F7F-AEA5-604DEC8472C5}.Release|Any CPU.Build.0 = Release|Any CPU
		{7F6D6AD0-D1B6-49E3-AC52-938B83A07E5A}.Debug|Any CPU.ActiveCfg = Debug|Any CPU
		{7F6D6AD0-D1B6-49E3-AC52-938B83A07E5A}.Debug|Any CPU.Build.0 = Debug|Any CPU
		{7F6D6AD0-D1B6-49E3-AC52-938B83A07E5A}.Release|Any CPU.ActiveCfg = Release|Any CPU
		{7F6D6AD0-D1B6-49E3-AC52-938B83A07E5A}.Release|Any CPU.Build.0 = Release|Any CPU
		{6B9AE772-B7A2-42D8-9C10-2D55F7F1E536}.Debug|Any CPU.ActiveCfg = Debug|Any CPU
		{6B9AE772-B7A2-42D8-9C10-2D55F7F1E536}.Debug|Any CPU.Build.0 = Debug|Any CPU
		{6B9AE772-B7A2-42D8-9C10-2D55F7F1E536}.Release|Any CPU.ActiveCfg = Release|Any CPU
		{6B9AE772-B7A2-42D8-9C10-2D55F7F1E536}.Release|Any CPU.Build.0 = Release|Any CPU
		{44DA4532-0484-4137-910E-C5C93147FD42}.Debug|Any CPU.ActiveCfg = Debug|Any CPU
		{44DA4532-0484-4137-910E-C5C93147FD42}.Debug|Any CPU.Build.0 = Debug|Any CPU
		{44DA4532-0484-4137-910E-C5C93147FD42}.Release|Any CPU.ActiveCfg = Release|Any CPU
		{44DA4532-0484-4137-910E-C5C93147FD42}.Release|Any CPU.Build.0 = Release|Any CPU
		{071377FD-8E0C-4530-839D-8D5F4297B36B}.Debug|Any CPU.ActiveCfg = Debug|Any CPU
		{071377FD-8E0C-4530-839D-8D5F4297B36B}.Debug|Any CPU.Build.0 = Debug|Any CPU
		{071377FD-8E0C-4530-839D-8D5F4297B36B}.Release|Any CPU.ActiveCfg = Release|Any CPU
		{071377FD-8E0C-4530-839D-8D5F4297B36B}.Release|Any CPU.Build.0 = Release|Any CPU
		{AEE8B3A7-5BBF-40A5-BF78-BC800BBB3DF6}.Debug|Any CPU.ActiveCfg = Debug|Any CPU
		{AEE8B3A7-5BBF-40A5-BF78-BC800BBB3DF6}.Debug|Any CPU.Build.0 = Debug|Any CPU
		{AEE8B3A7-5BBF-40A5-BF78-BC800BBB3DF6}.Release|Any CPU.ActiveCfg = Release|Any CPU
		{AEE8B3A7-5BBF-40A5-BF78-BC800BBB3DF6}.Release|Any CPU.Build.0 = Release|Any CPU
		{21545925-5B8D-43D0-9FB4-B4D10B2C80BE}.Debug|Any CPU.ActiveCfg = Debug|Any CPU
		{21545925-5B8D-43D0-9FB4-B4D10B2C80BE}.Debug|Any CPU.Build.0 = Debug|Any CPU
		{21545925-5B8D-43D0-9FB4-B4D10B2C80BE}.Release|Any CPU.ActiveCfg = Release|Any CPU
		{21545925-5B8D-43D0-9FB4-B4D10B2C80BE}.Release|Any CPU.Build.0 = Release|Any CPU
		{95B2BEA1-6AA3-43E3-9503-EC7783F99960}.Debug|Any CPU.ActiveCfg = Debug|Any CPU
		{95B2BEA1-6AA3-43E3-9503-EC7783F99960}.Debug|Any CPU.Build.0 = Debug|Any CPU
		{95B2BEA1-6AA3-43E3-9503-EC7783F99960}.Release|Any CPU.ActiveCfg = Release|Any CPU
		{95B2BEA1-6AA3-43E3-9503-EC7783F99960}.Release|Any CPU.Build.0 = Release|Any CPU
		{7C1C613B-35DF-4841-8B4B-58DA66383EAA}.Debug|Any CPU.ActiveCfg = Debug|Any CPU
		{7C1C613B-35DF-4841-8B4B-58DA66383EAA}.Debug|Any CPU.Build.0 = Debug|Any CPU
		{7C1C613B-35DF-4841-8B4B-58DA66383EAA}.Release|Any CPU.ActiveCfg = Release|Any CPU
		{7C1C613B-35DF-4841-8B4B-58DA66383EAA}.Release|Any CPU.Build.0 = Release|Any CPU
	EndGlobalSection
	GlobalSection(SolutionProperties) = preSolution
		HideSolutionNode = FALSE
	EndGlobalSection
EndGlobal
